
Microsoft Visual Studio Solution File, Format Version 12.00
Project("{FAE04EC0-301F-11D3-BF4B-00C04F79EFBC}") = "BikeRoutesApi", "BikeRoutesApi\BikeRoutesApi.csproj", "{8818CA5D-474B-470D-B57E-BD54463AE847}"
EndProject
Project("{2150E333-8FDC-42A3-9474-1A3956D46DE8}") = "Solution Items", "Solution Items", "{2408CE5D-3FA5-4060-B4CE-587A64629207}"
	ProjectSection(SolutionItems) = preProject
		compose.yaml = compose.yaml
	EndProjectSection
EndProject
Global
	GlobalSection(SolutionConfigurationPlatforms) = preSolution
		Debug|Any CPU = Debug|Any CPU
		Release|Any CPU = Release|Any CPU
	EndGlobalSection
	GlobalSection(ProjectConfigurationPlatforms) = postSolution
		{8818CA5D-474B-470D-B57E-BD54463AE847}.Debug|Any CPU.ActiveCfg = Debug|Any CPU
		{8818CA5D-474B-470D-B57E-BD54463AE847}.Debug|Any CPU.Build.0 = Debug|Any CPU
		{8818CA5D-474B-470D-B57E-BD54463AE847}.Release|Any CPU.ActiveCfg = Release|Any CPU
		{8818CA5D-474B-470D-B57E-BD54463AE847}.Release|Any CPU.Build.0 = Release|Any CPU
	EndGlobalSection
EndGlobal
